
Microsoft Visual Studio Solution File, Format Version 12.00
# Visual Studio 15
VisualStudioVersion = 15.0.28010.2003
MinimumVisualStudioVersion = 10.0.40219.1
Project("{FAE04EC0-301F-11D3-BF4B-00C04F79EFBC}") = "MyShop.Core", "MyShop.Core\MyShop.Core.csproj", "{C9617B14-E5A0-404E-B763-2DA2D38EDADD}"
EndProject
Project("{FAE04EC0-301F-11D3-BF4B-00C04F79EFBC}") = "MyShop.Services", "MyShop.Services\MyShop.Services.csproj", "{3513A203-C885-4DF4-9976-56DBDC7BE32B}"
EndProject
Project("{FAE04EC0-301F-11D3-BF4B-00C04F79EFBC}") = "MyShop.DataAccess.SQL", "MyShop.DataAccess.SQL\MyShop.DataAccess.SQL.csproj", "{181162FA-ACFF-4FFE-AAED-24088E90A09B}"
EndProject
Project("{FAE04EC0-301F-11D3-BF4B-00C04F79EFBC}") = "MyShop.DataAccess.InMemory", "MyShop.DataAccess.InMemory\MyShop.DataAccess.InMemory.csproj", "{6FA0135B-5EDC-43F6-8C62-77CA43D70935}"
EndProject
Project("{FAE04EC0-301F-11D3-BF4B-00C04F79EFBC}") = "MyShop.WebUI", "MyShop.WebUI\MyShop.WebUI.csproj", "{BD31E894-CE53-4D04-A450-7F11DA310D02}"
EndProject
Project("{FAE04EC0-301F-11D3-BF4B-00C04F79EFBC}") = "MyShop.WebUI.Tests", "MyShop.WebUI.Tests\MyShop.WebUI.Tests.csproj", "{98A8CFE2-6772-4AEE-9F28-46A4714E8474}"
EndProject
Global
	GlobalSection(SolutionConfigurationPlatforms) = preSolution
		Debug|Any CPU = Debug|Any CPU
		Release|Any CPU = Release|Any CPU
	EndGlobalSection
	GlobalSection(ProjectConfigurationPlatforms) = postSolution
		{C9617B14-E5A0-404E-B763-2DA2D38EDADD}.Debug|Any CPU.ActiveCfg = Debug|Any CPU
		{C9617B14-E5A0-404E-B763-2DA2D38EDADD}.Debug|Any CPU.Build.0 = Debug|Any CPU
		{C9617B14-E5A0-404E-B763-2DA2D38EDADD}.Release|Any CPU.ActiveCfg = Release|Any CPU
		{C9617B14-E5A0-404E-B763-2DA2D38EDADD}.Release|Any CPU.Build.0 = Release|Any CPU
		{3513A203-C885-4DF4-9976-56DBDC7BE32B}.Debug|Any CPU.ActiveCfg = Debug|Any CPU
		{3513A203-C885-4DF4-9976-56DBDC7BE32B}.Debug|Any CPU.Build.0 = Debug|Any CPU
		{3513A203-C885-4DF4-9976-56DBDC7BE32B}.Release|Any CPU.ActiveCfg = Release|Any CPU
		{3513A203-C885-4DF4-9976-56DBDC7BE32B}.Release|Any CPU.Build.0 = Release|Any CPU
		{181162FA-ACFF-4FFE-AAED-24088E90A09B}.Debug|Any CPU.ActiveCfg = Debug|Any CPU
		{181162FA-ACFF-4FFE-AAED-24088E90A09B}.Debug|Any CPU.Build.0 = Debug|Any CPU
		{181162FA-ACFF-4FFE-AAED-24088E90A09B}.Release|Any CPU.ActiveCfg = Release|Any CPU
		{181162FA-ACFF-4FFE-AAED-24088E90A09B}.Release|Any CPU.Build.0 = Release|Any CPU
		{6FA0135B-5EDC-43F6-8C62-77CA43D70935}.Debug|Any CPU.ActiveCfg = Debug|Any CPU
		{6FA0135B-5EDC-43F6-8C62-77CA43D70935}.Debug|Any CPU.Build.0 = Debug|Any CPU
		{6FA0135B-5EDC-43F6-8C62-77CA43D70935}.Release|Any CPU.ActiveCfg = Release|Any CPU
		{6FA0135B-5EDC-43F6-8C62-77CA43D70935}.Release|Any CPU.Build.0 = Release|Any CPU
		{BD31E894-CE53-4D04-A450-7F11DA310D02}.Debug|Any CPU.ActiveCfg = Debug|Any CPU
		{BD31E894-CE53-4D04-A450-7F11DA310D02}.Debug|Any CPU.Build.0 = Debug|Any CPU
		{BD31E894-CE53-4D04-A450-7F11DA310D02}.Release|Any CPU.ActiveCfg = Release|Any CPU
		{BD31E894-CE53-4D04-A450-7F11DA310D02}.Release|Any CPU.Build.0 = Release|Any CPU
		{98A8CFE2-6772-4AEE-9F28-46A4714E8474}.Debug|Any CPU.ActiveCfg = Debug|Any CPU
		{98A8CFE2-6772-4AEE-9F28-46A4714E8474}.Debug|Any CPU.Build.0 = Debug|Any CPU
		{98A8CFE2-6772-4AEE-9F28-46A4714E8474}.Release|Any CPU.ActiveCfg = Release|Any CPU
		{98A8CFE2-6772-4AEE-9F28-46A4714E8474}.Release|Any CPU.Build.0 = Release|Any CPU
	EndGlobalSection
	GlobalSection(SolutionProperties) = preSolution
		HideSolutionNode = FALSE
	EndGlobalSection
	GlobalSection(ExtensibilityGlobals) = postSolution
		SolutionGuid = {D25D110C-2DF5-4FE2-A723-94EEBBCEE134}
	EndGlobalSection
EndGlobal
